
Microsoft Visual Studio Solution File, Format Version 12.00
# Visual Studio Version 17
VisualStudioVersion = 17.14.36915.13 d17.14
MinimumVisualStudioVersion = 10.0.40219.1
Project("{54A90642-561A-4BB1-A94E-469ADEE60C69}") = "proyecto.client", "proyecto.client\proyecto.client.esproj", "{631D941C-DFF0-D40E-1696-5C898B45BC70}"
EndProject
Project("{FAE04EC0-301F-11D3-BF4B-00C04F79EFBC}") = "Proyecto.Server", "Proyecto.Server\Proyecto.Server.csproj", "{EA524F96-DB44-44C9-9334-F06D3A6ABB2F}"
EndProject
Global
	GlobalSection(SolutionConfigurationPlatforms) = preSolution
		Debug|Any CPU = Debug|Any CPU
		Release|Any CPU = Release|Any CPU
	EndGlobalSection
	GlobalSection(ProjectConfigurationPlatforms) = postSolution
		{631D941C-DFF0-D40E-1696-5C898B45BC70}.Debug|Any CPU.ActiveCfg = Debug|Any CPU
		{631D941C-DFF0-D40E-1696-5C898B45BC70}.Debug|Any CPU.Build.0 = Debug|Any CPU
		{631D941C-DFF0-D40E-1696-5C898B45BC70}.Debug|Any CPU.Deploy.0 = Debug|Any CPU
		{631D941C-DFF0-D40E-1696-5C898B45BC70}.Release|Any CPU.ActiveCfg = Release|Any CPU
		{631D941C-DFF0-D40E-1696-5C898B45BC70}.Release|Any CPU.Build.0 = Release|Any CPU
		{631D941C-DFF0-D40E-1696-5C898B45BC70}.Release|Any CPU.Deploy.0 = Release|Any CPU
		{EA524F96-DB44-44C9-9334-F06D3A6ABB2F}.Debug|Any CPU.ActiveCfg = Debug|Any CPU
		{EA524F96-DB44-44C9-9334-F06D3A6ABB2F}.Debug|Any CPU.Build.0 = Debug|Any CPU
		{EA524F96-DB44-44C9-9334-F06D3A6ABB2F}.Release|Any CPU.ActiveCfg = Release|Any CPU
		{EA524F96-DB44-44C9-9334-F06D3A6ABB2F}.Release|Any CPU.Build.0 = Release|Any CPU
	EndGlobalSection
	GlobalSection(SolutionProperties) = preSolution
		HideSolutionNode = FALSE
	EndGlobalSection
	GlobalSection(ExtensibilityGlobals) = postSolution
		SolutionGuid = {1F84689A-C908-436E-94B3-F2C86584A5D1}
	EndGlobalSection
EndGlobal
